{
  "nodes": {
    "emacs-overlay": {
      "inputs": {
        "flake-utils": "flake-utils",
        "nixpkgs": "nixpkgs"
      },
      "locked": {
        "lastModified": 1684752521,
        "narHash": "sha256-cNxiwdZzcc99VZCj8/fz8TX/bvu5RYy0LV41bJOumzE=",
        "owner": "nix-community",
        "repo": "emacs-overlay",
        "rev": "37d3fd88e6e7c7dd3b5b659cf3cf18f0d81a55c9",
        "type": "github"
      },
      "original": {
        "owner": "nix-community",
        "repo": "emacs-overlay",
        "type": "github"
      }
    },
    "flake-utils": {
      "locked": {
        "lastModified": 1667395993,
        "narHash": "sha256-nuEHfE/LcWyuSWnS8t12N1wc105Qtau+/OdUAjtQ0rA=",
        "owner": "numtide",
        "repo": "flake-utils",
        "rev": "5aed5285a952e0b949eb3ba02c12fa4fcfef535f",
        "type": "github"
      },
      "original": {
        "owner": "numtide",
        "repo": "flake-utils",
        "type": "github"
      }
    },
    "home-manager": {
      "inputs": {
        "nixpkgs": [
          "nixpkgs"
        ],
        "utils": "utils"
      },
      "locked": {
        "lastModified": 1681092193,
        "narHash": "sha256-JerCqqOqbT2tBnXQW4EqwFl0hHnuZp21rIQ6lu/N4rI=",
        "owner": "nix-community",
        "repo": "home-manager",
        "rev": "f9edbedaf015013eb35f8caacbe0c9666bbc16af",
        "type": "github"
      },
      "original": {
        "owner": "nix-community",
        "ref": "release-22.11",
        "repo": "home-manager",
        "type": "github"
      }
    },
    "nixpkgs": {
      "locked": {
        "lastModified": 1673540789,
        "narHash": "sha256-xqnxBOK3qctIeUVxecydrEDbEXjsvHCPGPbvsl63M/U=",
        "owner": "NixOS",
        "repo": "nixpkgs",
        "rev": "0f213d0fee84280d8c3a97f7469b988d6fe5fcdf",
        "type": "github"
      },
      "original": {
        "owner": "NixOS",
        "ref": "nixos-unstable",
        "repo": "nixpkgs",
        "type": "github"
      }
    },
    "nixpkgs-unstable": {
      "locked": {
        "lastModified": 1684662198,
        "narHash": "sha256-lmGDGuFONWSoGBKDDhU/6fOhhmFoZQ8rPf+kS7/e/Gs=",
        "owner": "NixOS",
        "repo": "nixpkgs",
        "rev": "50a183182d7ae39133555414d48d5d609a28a57d",
        "type": "github"
      },
      "original": {
        "id": "nixpkgs",
        "ref": "nixos-unstable",
        "type": "indirect"
      }
    },
    "nixpkgs_2": {
      "locked": {
        "lastModified": 1684580438,
        "narHash": "sha256-LUPswmDn6fXP3lEBJFA2Id8PkcYDgzUilevWackYVvQ=",
        "owner": "NixOS",
        "repo": "nixpkgs",
        "rev": "7dc71aef32e8faf065cb171700792cf8a65c152d",
        "type": "github"
      },
      "original": {
        "id": "nixpkgs",
        "ref": "nixos-22.11",
        "type": "indirect"
      }
    },
    "nixpkgs_3": {
      "locked": {
        "lastModified": 1680911900,
        "narHash": "sha256-3/OTHpyhzqxQnpbCfiR3IudQnBbFsR2XtndFWSlLIyw=",
        "owner": "NixOS",
        "repo": "nixpkgs",
        "rev": "2e7d54cfde8439d391d8b2f7d00701a519103303",
        "type": "github"
      },
      "original": {
        "id": "nixpkgs",
        "type": "indirect"
      }
    },
    "root": {
      "inputs": {
        "emacs-overlay": "emacs-overlay",
        "home-manager": "home-manager",
        "nixpkgs": "nixpkgs_2",
        "nixpkgs-unstable": "nixpkgs-unstable",
        "system-staff": "system-staff",
        "wittano-dotfiles": "wittano-dotfiles",
        "wittano-repo": "wittano-repo"
      }
    },
    "system-staff": {
      "flake": false,
      "locked": {
        "lastModified": 1680377903,
        "narHash": "sha256-SB3n/H704KnV9e5Tm574HXuCfRMVrgVT+4uPahBuIIQ=",
        "owner": "Wittano",
        "repo": "system-staff",
        "rev": "f8ad8e90234dd1f40d1d1adbf77942771a5149ff",
        "type": "github"
      },
      "original": {
        "owner": "Wittano",
        "repo": "system-staff",
        "type": "github"
      }
    },
    "utils": {
      "locked": {
        "lastModified": 1667395993,
        "narHash": "sha256-nuEHfE/LcWyuSWnS8t12N1wc105Qtau+/OdUAjtQ0rA=",
        "owner": "numtide",
        "repo": "flake-utils",
        "rev": "5aed5285a952e0b949eb3ba02c12fa4fcfef535f",
        "type": "github"
      },
      "original": {
        "owner": "numtide",
        "repo": "flake-utils",
        "type": "github"
      }
    },
    "wittano-dotfiles": {
      "flake": false,
      "locked": {
        "lastModified": 1684764285,
        "narHash": "sha256-xXRp+NLdP6os1IEub8nGoHQn19uUDs0yobZhjDN+rIo=",
        "owner": "Wittano",
        "repo": "dotfiles",
        "rev": "6f01b5d7f9af86ed3a0cade4cbf64737ad44814b",
        "type": "github"
      },
      "original": {
        "owner": "Wittano",
        "repo": "dotfiles",
        "type": "github"
      }
    },
    "wittano-repo": {
      "inputs": {
        "nixpkgs": "nixpkgs_3"
      },
      "locked": {
        "lastModified": 1683458519,
        "narHash": "sha256-3ff3t/PYWimunzTTqPbH4McI8+SHVLQugSA6AExUVRE=",
        "owner": "Wittano",
        "repo": "nix-repo",
        "rev": "fbce3eef5788afefca41a6306d61141841dde7b3",
        "type": "github"
      },
      "original": {
        "owner": "Wittano",
        "repo": "nix-repo",
        "type": "github"
      }
    }
  },
  "root": "root",
  "version": 7
}
