{
  "nodes": {
    "home-manager": {
      "inputs": {
        "nixpkgs": [
          "nixpkgs"
        ],
        "utils": "utils"
      },
      "locked": {
        "lastModified": 1681092193,
        "narHash": "sha256-JerCqqOqbT2tBnXQW4EqwFl0hHnuZp21rIQ6lu/N4rI=",
        "owner": "nix-community",
        "repo": "home-manager",
        "rev": "f9edbedaf015013eb35f8caacbe0c9666bbc16af",
        "type": "github"
      },
      "original": {
        "owner": "nix-community",
        "ref": "release-22.11",
        "repo": "home-manager",
        "type": "github"
      }
    },
    "nixpkgs": {
      "locked": {
        "lastModified": 1682817260,
        "narHash": "sha256-kFMXzKNj4d/0Iqbm5l57rHSLyUeyCLMuvlROZIuuhvk=",
        "owner": "NixOS",
        "repo": "nixpkgs",
        "rev": "db1e4eeb0f9a9028bcb920e00abbc1409dd3ef36",
        "type": "github"
      },
      "original": {
        "id": "nixpkgs",
        "ref": "nixos-22.11",
        "type": "indirect"
      }
    },
    "nixpkgs-unstable": {
      "locked": {
        "lastModified": 1682879489,
        "narHash": "sha256-sASwo8gBt7JDnOOstnps90K1wxmVfyhsTPPNTGBPjjg=",
        "owner": "NixOS",
        "repo": "nixpkgs",
        "rev": "da45bf6ec7bbcc5d1e14d3795c025199f28e0de0",
        "type": "github"
      },
      "original": {
        "id": "nixpkgs",
        "ref": "nixos-unstable",
        "type": "indirect"
      }
    },
    "nixpkgs_2": {
      "locked": {
        "lastModified": 1680911900,
        "narHash": "sha256-3/OTHpyhzqxQnpbCfiR3IudQnBbFsR2XtndFWSlLIyw=",
        "owner": "NixOS",
        "repo": "nixpkgs",
        "rev": "2e7d54cfde8439d391d8b2f7d00701a519103303",
        "type": "github"
      },
      "original": {
        "id": "nixpkgs",
        "type": "indirect"
      }
    },
    "root": {
      "inputs": {
        "home-manager": "home-manager",
        "nixpkgs": "nixpkgs",
        "nixpkgs-unstable": "nixpkgs-unstable",
        "system-staff": "system-staff",
        "wittano-dotfiles": "wittano-dotfiles",
        "wittano-repo": "wittano-repo"
      }
    },
    "system-staff": {
      "flake": false,
      "locked": {
        "lastModified": 1680377903,
        "narHash": "sha256-SB3n/H704KnV9e5Tm574HXuCfRMVrgVT+4uPahBuIIQ=",
        "owner": "Wittano",
        "repo": "system-staff",
        "rev": "f8ad8e90234dd1f40d1d1adbf77942771a5149ff",
        "type": "github"
      },
      "original": {
        "owner": "Wittano",
        "repo": "system-staff",
        "type": "github"
      }
    },
    "utils": {
      "locked": {
        "lastModified": 1667395993,
        "narHash": "sha256-nuEHfE/LcWyuSWnS8t12N1wc105Qtau+/OdUAjtQ0rA=",
        "owner": "numtide",
        "repo": "flake-utils",
        "rev": "5aed5285a952e0b949eb3ba02c12fa4fcfef535f",
        "type": "github"
      },
      "original": {
        "owner": "numtide",
        "repo": "flake-utils",
        "type": "github"
      }
    },
    "wittano-dotfiles": {
      "flake": false,
      "locked": {
        "lastModified": 1682535289,
        "narHash": "sha256-UVajpLY0iDtRq2Dd3U+xBsHOuXqL+6fcAzWpRZh11Fw=",
        "owner": "Wittano",
        "repo": "dotfiles",
        "rev": "185e0fb3995c7f1274b4a68f28eb13e0130f559a",
        "type": "github"
      },
      "original": {
        "owner": "Wittano",
        "repo": "dotfiles",
        "type": "github"
      }
    },
    "wittano-repo": {
      "inputs": {
        "nixpkgs": "nixpkgs_2"
      },
      "locked": {
        "lastModified": 1682529676,
        "narHash": "sha256-Eej+mYrDClaaErb4i+lH5l7jwAM4h8Be9AWTSd6///o=",
        "owner": "Wittano",
        "repo": "nix-repo",
        "rev": "f33542058410913c45aedd0dc74a99dca1eeaefd",
        "type": "github"
      },
      "original": {
        "owner": "Wittano",
        "repo": "nix-repo",
        "type": "github"
      }
    }
  },
  "root": "root",
  "version": 7
}
